
Microsoft Visual Studio Solution File, Format Version 12.00
# Visual Studio Version 16
VisualStudioVersion = 16.0.29509.3
MinimumVisualStudioVersion = 10.0.40219.1
Project("{FAE04EC0-301F-11D3-BF4B-00C04F79EFBC}") = "office.fitness-pro.ru", "office.fitness-pro.ru\office.fitness-pro.ru.csproj", "{C9E61FA3-4D1F-4A40-AAF9-B354F745EF9B}"
EndProject
Global
	GlobalSection(SolutionConfigurationPlatforms) = preSolution
		Debug|Any CPU = Debug|Any CPU
		Release|Any CPU = Release|Any CPU
	EndGlobalSection
	GlobalSection(ProjectConfigurationPlatforms) = postSolution
		{C9E61FA3-4D1F-4A40-AAF9-B354F745EF9B}.Debug|Any CPU.ActiveCfg = Debug|Any CPU
		{C9E61FA3-4D1F-4A40-AAF9-B354F745EF9B}.Debug|Any CPU.Build.0 = Debug|Any CPU
		{C9E61FA3-4D1F-4A40-AAF9-B354F745EF9B}.Release|Any CPU.ActiveCfg = Release|Any CPU
		{C9E61FA3-4D1F-4A40-AAF9-B354F745EF9B}.Release|Any CPU.Build.0 = Release|Any CPU
	EndGlobalSection
	GlobalSection(SolutionProperties) = preSolution
		HideSolutionNode = FALSE
	EndGlobalSection
	GlobalSection(ExtensibilityGlobals) = postSolution
		SolutionGuid = {0D252EBE-CE4B-4944-AD1C-B6D1CE2D3531}
	EndGlobalSection
EndGlobal
